
Microsoft Visual Studio Solution File, Format Version 12.00
# Visual Studio 15
VisualStudioVersion = 15.0.28307.572
MinimumVisualStudioVersion = 10.0.40219.1
Project("{FAE04EC0-301F-11D3-BF4B-00C04F79EFBC}") = "LogFolderPerControllerPoc", "LogFolderPerControllerPoc\LogFolderPerControllerPoc.csproj", "{8502E64C-EA09-48FB-AD36-324ACBC6753B}"
EndProject
Project("{FAE04EC0-301F-11D3-BF4B-00C04F79EFBC}") = "MyClassLibrary", "MyClassLibrary\MyClassLibrary.csproj", "{5EF32CC1-8B8C-4F19-BA43-DBC21BEF104B}"
EndProject
Global
	GlobalSection(SolutionConfigurationPlatforms) = preSolution
		Debug|Any CPU = Debug|Any CPU
		Release|Any CPU = Release|Any CPU
	EndGlobalSection
	GlobalSection(ProjectConfigurationPlatforms) = postSolution
		{8502E64C-EA09-48FB-AD36-324ACBC6753B}.Debug|Any CPU.ActiveCfg = Debug|Any CPU
		{8502E64C-EA09-48FB-AD36-324ACBC6753B}.Debug|Any CPU.Build.0 = Debug|Any CPU
		{8502E64C-EA09-48FB-AD36-324ACBC6753B}.Release|Any CPU.ActiveCfg = Release|Any CPU
		{8502E64C-EA09-48FB-AD36-324ACBC6753B}.Release|Any CPU.Build.0 = Release|Any CPU
		{5EF32CC1-8B8C-4F19-BA43-DBC21BEF104B}.Debug|Any CPU.ActiveCfg = Debug|Any CPU
		{5EF32CC1-8B8C-4F19-BA43-DBC21BEF104B}.Debug|Any CPU.Build.0 = Debug|Any CPU
		{5EF32CC1-8B8C-4F19-BA43-DBC21BEF104B}.Release|Any CPU.ActiveCfg = Release|Any CPU
		{5EF32CC1-8B8C-4F19-BA43-DBC21BEF104B}.Release|Any CPU.Build.0 = Release|Any CPU
	EndGlobalSection
	GlobalSection(SolutionProperties) = preSolution
		HideSolutionNode = FALSE
	EndGlobalSection
	GlobalSection(ExtensibilityGlobals) = postSolution
		SolutionGuid = {A351F47F-FCE3-41C6-934F-F871789266EF}
	EndGlobalSection
EndGlobal
